
Microsoft Visual Studio Solution File, Format Version 12.00
Project("{FAE04EC0-301F-11D3-BF4B-00C04F79EFBC}") = "HashLib4CSharp", "HashLib4CSharp.csproj", "{422F6302-B8ED-488C-B029-0DB05550C1F5}"
EndProject
Global
	GlobalSection(SolutionConfigurationPlatforms) = preSolution
		Debug|Any CPU = Debug|Any CPU
		Release|Any CPU = Release|Any CPU
	EndGlobalSection
	GlobalSection(ProjectConfigurationPlatforms) = postSolution
		{422F6302-B8ED-488C-B029-0DB05550C1F5}.Debug|Any CPU.ActiveCfg = Debug|Any CPU
		{422F6302-B8ED-488C-B029-0DB05550C1F5}.Debug|Any CPU.Build.0 = Debug|Any CPU
		{422F6302-B8ED-488C-B029-0DB05550C1F5}.Release|Any CPU.ActiveCfg = Release|Any CPU
		{422F6302-B8ED-488C-B029-0DB05550C1F5}.Release|Any CPU.Build.0 = Release|Any CPU
	EndGlobalSection
EndGlobal
